github.com/LordMathis/hugo-theme-nightfall v0.5.0 h1:qQXM6jZcV44fX1xPAZxmbaQ7brJy75jagsKrJmsmf4w=
github.com/LordMathis/hugo-theme-nightfall v0.5.0/go.mod h1:0tCPxAeg5+tWhv17517Q8Lti/TPh0KNyON/uferEU30=
github.com/Masellum/hugo-theme-nostyleplease v0.0.0-20230429064057-1f0773883f34 h1:KGrJ0yaIA7l/d/JrGBrigli9Fj77URC81Q1WQyLMhxE=
github.com/Masellum/hugo-theme-nostyleplease v0.0.0-20230429064057-1f0773883f34/go.mod h1:zMlcobA4v4gavXle2KCHE1/WfupsHXUY3a8s9GeLfpk=
github.com/sergeyklay/gohugo-theme-ed v0.6.0 h1:TrSSwIPDoJ9RGwTV5JdkRsoapDsB12Um4PbIlpuUNEs=
github.com/sergeyklay/gohugo-theme-ed v0.6.0/go.mod h1:vsvjLX7LF3WlYHach2ZeJqgGtuWmJZU7UyVf5KNsJdM=
